
Microsoft Visual Studio Solution File, Format Version 12.00
# Visual Studio Version 17
VisualStudioVersion = 17.5.33414.496
MinimumVisualStudioVersion = 10.0.40219.1
Project("{FAE04EC0-301F-11D3-BF4B-00C04F79EFBC}") = "TPMOD3_1302210028", "TPMOD3_1302210028\TPMOD3_1302210028.csproj", "{5E630752-F0B4-4BBB-9DB2-07F45B1ED983}"
EndProject
Global
	GlobalSection(SolutionConfigurationPlatforms) = preSolution
		Debug|Any CPU = Debug|Any CPU
		Release|Any CPU = Release|Any CPU
	EndGlobalSection
	GlobalSection(ProjectConfigurationPlatforms) = postSolution
		{5E630752-F0B4-4BBB-9DB2-07F45B1ED983}.Debug|Any CPU.ActiveCfg = Debug|Any CPU
		{5E630752-F0B4-4BBB-9DB2-07F45B1ED983}.Debug|Any CPU.Build.0 = Debug|Any CPU
		{5E630752-F0B4-4BBB-9DB2-07F45B1ED983}.Release|Any CPU.ActiveCfg = Release|Any CPU
		{5E630752-F0B4-4BBB-9DB2-07F45B1ED983}.Release|Any CPU.Build.0 = Release|Any CPU
	EndGlobalSection
	GlobalSection(SolutionProperties) = preSolution
		HideSolutionNode = FALSE
	EndGlobalSection
	GlobalSection(ExtensibilityGlobals) = postSolution
		SolutionGuid = {722B7534-1191-41C3-8AF7-EB45B823015F}
	EndGlobalSection
EndGlobal
